{
  "lockfile_version": "1",
  "packages": {
    "github:NixOS/nixpkgs/nixpkgs-unstable": {
      "last_modified": "2025-12-05T15:03:55Z",
      "resolved": "github:NixOS/nixpkgs/a672be65651c80d3f592a89b3945466584a22069?lastModified=1764947035&narHash=sha256-EYHSjVM4Ox4lvCXUMiKKs2vETUSL5mx%2BJ2FfutM7T9w%3D"
    },
    "go@latest": {
      "last_modified": "2025-11-23T21:50:36Z",
      "resolved": "github:NixOS/nixpkgs/ee09932cedcef15aaf476f9343d1dea2cb77e261#go",
      "source": "devbox-search",
      "version": "1.25.4",
      "systems": {
        "aarch64-darwin": {
          "outputs": [
            {
              "name": "out",
              "path": "/nix/store/52f5kjcmgmvgrz3rij676b3rjmgg5l5g-go-1.25.4",
              "default": true
            }
          ],
          "store_path": "/nix/store/52f5kjcmgmvgrz3rij676b3rjmgg5l5g-go-1.25.4"
        },
        "aarch64-linux": {
          "outputs": [
            {
              "name": "out",
              "path": "/nix/store/2ajrlmz1qdpm9k9ankhnp3973wxg1gqs-go-1.25.4",
              "default": true
            }
          ],
          "store_path": "/nix/store/2ajrlmz1qdpm9k9ankhnp3973wxg1gqs-go-1.25.4"
        },
        "x86_64-darwin": {
          "outputs": [
            {
              "name": "out",
              "path": "/nix/store/1rqpvp45rl4sr1l0czrlbmv8jqj9sa7r-go-1.25.4",
              "default": true
            }
          ],
          "store_path": "/nix/store/1rqpvp45rl4sr1l0czrlbmv8jqj9sa7r-go-1.25.4"
        },
        "x86_64-linux": {
          "outputs": [
            {
              "name": "out",
              "path": "/nix/store/0a3dyfq09dnkw28ap2i450wjimvdmv6s-go-1.25.4",
              "default": true
            }
          ],
          "store_path": "/nix/store/0a3dyfq09dnkw28ap2i450wjimvdmv6s-go-1.25.4"
        }
      }
    },
    "mkcert@latest": {
      "last_modified": "2025-11-23T21:50:36Z",
      "resolved": "github:NixOS/nixpkgs/ee09932cedcef15aaf476f9343d1dea2cb77e261#mkcert",
      "source": "devbox-search",
      "version": "1.4.4",
      "systems": {
        "aarch64-darwin": {
          "outputs": [
            {
              "name": "out",
              "path": "/nix/store/rk2p1j2lzq2l6bk1wadcck557yn65sx5-mkcert-1.4.4",
              "default": true
            }
          ],
          "store_path": "/nix/store/rk2p1j2lzq2l6bk1wadcck557yn65sx5-mkcert-1.4.4"
        },
        "aarch64-linux": {
          "outputs": [
            {
              "name": "out",
              "path": "/nix/store/vkvnaz4gsvjfxr586nrjk94xgi5gxhxb-mkcert-1.4.4",
              "default": true
            }
          ],
          "store_path": "/nix/store/vkvnaz4gsvjfxr586nrjk94xgi5gxhxb-mkcert-1.4.4"
        },
        "x86_64-darwin": {
          "outputs": [
            {
              "name": "out",
              "path": "/nix/store/28i3k89kjy62f9yzyqabgnhi45pfw5ay-mkcert-1.4.4",
              "default": true
            }
          ],
          "store_path": "/nix/store/28i3k89kjy62f9yzyqabgnhi45pfw5ay-mkcert-1.4.4"
        },
        "x86_64-linux": {
          "outputs": [
            {
              "name": "out",
              "path": "/nix/store/gpw8mvmgwxaw9ppixvcvwqnhgnagkqy1-mkcert-1.4.4",
              "default": true
            }
          ],
          "store_path": "/nix/store/gpw8mvmgwxaw9ppixvcvwqnhgnagkqy1-mkcert-1.4.4"
        }
      }
    },
    "terraform@latest": {
      "last_modified": "2025-12-18T02:44:17Z",
      "resolved": "github:NixOS/nixpkgs/def3da69945bbe338c373fddad5a1bb49cf199ce#terraform",
      "source": "devbox-search",
      "version": "1.14.3",
      "systems": {
        "aarch64-darwin": {
          "outputs": [
            {
              "name": "out",
              "path": "/nix/store/1092d2qqd74w7hly55n0yx2hc7y1459s-terraform-1.14.3",
              "default": true
            }
          ],
          "store_path": "/nix/store/1092d2qqd74w7hly55n0yx2hc7y1459s-terraform-1.14.3"
        },
        "aarch64-linux": {
          "outputs": [
            {
              "name": "out",
              "path": "/nix/store/wpij73mhvklzs7cb1mj7iwm7kyy641zx-terraform-1.14.3",
              "default": true
            }
          ],
          "store_path": "/nix/store/wpij73mhvklzs7cb1mj7iwm7kyy641zx-terraform-1.14.3"
        },
        "x86_64-darwin": {
          "outputs": [
            {
              "name": "out",
              "path": "/nix/store/mbgyrj4f1rq1pb3sqg8nkn3lnpvlg2ac-terraform-1.14.3",
              "default": true
            }
          ],
          "store_path": "/nix/store/mbgyrj4f1rq1pb3sqg8nkn3lnpvlg2ac-terraform-1.14.3"
        },
        "x86_64-linux": {
          "outputs": [
            {
              "name": "out",
              "path": "/nix/store/0mnsjyyshx8kiyb2x4jj1a8plgi63y2m-terraform-1.14.3",
              "default": true
            }
          ],
          "store_path": "/nix/store/0mnsjyyshx8kiyb2x4jj1a8plgi63y2m-terraform-1.14.3"
        }
      }
    }
  }
}
